
Microsoft Visual Studio Solution File, Format Version 12.00
# Visual Studio Version 17
VisualStudioVersion = 17.4.33122.133
MinimumVisualStudioVersion = 10.0.40219.1
Project("{FAE04EC0-301F-11D3-BF4B-00C04F79EFBC}") = "LaserLeash", "SpectroscopyLock\LaserLeash.csproj", "{8BBE432A-2B00-4B4E-9C27-8EF6DFB51353}"
EndProject
Global
	GlobalSection(SolutionConfigurationPlatforms) = preSolution
		Debug|Any CPU = Debug|Any CPU
		Release|Any CPU = Release|Any CPU
	EndGlobalSection
	GlobalSection(ProjectConfigurationPlatforms) = postSolution
		{8BBE432A-2B00-4B4E-9C27-8EF6DFB51353}.Debug|Any CPU.ActiveCfg = Debug|Any CPU
		{8BBE432A-2B00-4B4E-9C27-8EF6DFB51353}.Debug|Any CPU.Build.0 = Debug|Any CPU
		{8BBE432A-2B00-4B4E-9C27-8EF6DFB51353}.Release|Any CPU.ActiveCfg = Release|Any CPU
		{8BBE432A-2B00-4B4E-9C27-8EF6DFB51353}.Release|Any CPU.Build.0 = Release|Any CPU
	EndGlobalSection
	GlobalSection(SolutionProperties) = preSolution
		HideSolutionNode = FALSE
	EndGlobalSection
	GlobalSection(ExtensibilityGlobals) = postSolution
		SolutionGuid = {8D51CDF7-2D63-4CD3-82A9-86289265B225}
	EndGlobalSection
EndGlobal
